{
  "lockfile_version": "1",
  "packages": {
    "coursier@latest": {
      "last_modified": "2025-11-23T21:50:36Z",
      "resolved": "github:NixOS/nixpkgs/ee09932cedcef15aaf476f9343d1dea2cb77e261#coursier",
      "source": "devbox-search",
      "version": "2.1.24",
      "systems": {
        "aarch64-darwin": {
          "outputs": [
            {
              "name": "out",
              "path": "/nix/store/yp77wig7na6hk4p9hd0h19sxh2mrm4fv-coursier-2.1.24",
              "default": true
            }
          ],
          "store_path": "/nix/store/yp77wig7na6hk4p9hd0h19sxh2mrm4fv-coursier-2.1.24"
        },
        "aarch64-linux": {
          "outputs": [
            {
              "name": "out",
              "path": "/nix/store/52akynlr322s9lpkv2cblvxn7qn8p11f-coursier-2.1.24",
              "default": true
            }
          ],
          "store_path": "/nix/store/52akynlr322s9lpkv2cblvxn7qn8p11f-coursier-2.1.24"
        },
        "x86_64-darwin": {
          "outputs": [
            {
              "name": "out",
              "path": "/nix/store/ajcdl62a7xdfn5434bzz44qqk6hgsv06-coursier-2.1.24",
              "default": true
            }
          ],
          "store_path": "/nix/store/ajcdl62a7xdfn5434bzz44qqk6hgsv06-coursier-2.1.24"
        },
        "x86_64-linux": {
          "outputs": [
            {
              "name": "out",
              "path": "/nix/store/pdi09kvdxxv1z4palah8kz0p3axsqrpr-coursier-2.1.24",
              "default": true
            }
          ],
          "store_path": "/nix/store/pdi09kvdxxv1z4palah8kz0p3axsqrpr-coursier-2.1.24"
        }
      }
    },
    "github:NixOS/nixpkgs/nixpkgs-unstable": {
      "last_modified": "2025-12-25T00:54:45Z",
      "resolved": "github:NixOS/nixpkgs/b72f284b1be41575c3e36cd777a191c29a7adf6a?lastModified=1766624085&narHash=sha256-ruzNOGQR0HKynAarKRhAYwIZc79IkDqui4ovQmkZPQI%3D"
    },
    "jdk@17.0.12": {
      "last_modified": "2025-10-22T20:59:19Z",
      "resolved": "github:NixOS/nixpkgs/01b6809f7f9d1183a2b3e081f0a1e6f8f415cb09#jdk17",
      "source": "devbox-search",
      "version": "17.0.12",
      "systems": {
        "aarch64-darwin": {
          "outputs": [
            {
              "name": "out",
              "path": "/nix/store/hlm8a8cnp4hm8xkg0a2yy4kv7cq44jii-zulu-ca-jdk-17.0.12",
              "default": true
            }
          ],
          "store_path": "/nix/store/hlm8a8cnp4hm8xkg0a2yy4kv7cq44jii-zulu-ca-jdk-17.0.12"
        },
        "x86_64-darwin": {
          "outputs": [
            {
              "name": "out",
              "path": "/nix/store/i4zgq9685y6284hbf5a7ac9ysb88dvlz-zulu-ca-jdk-17.0.12",
              "default": true
            }
          ],
          "store_path": "/nix/store/i4zgq9685y6284hbf5a7ac9ysb88dvlz-zulu-ca-jdk-17.0.12"
        },
        "x86_64-linux": {
          "outputs": [
            {
              "path": "/nix/store/w7s5fm9zkdpbc6j3ns5zkr41gaj7y9xa-openjdk-17.0.17+8",
              "default": true
            }
          ]
        }
      }
    },
    "k3d@latest": {
      "last_modified": "2025-11-23T21:50:36Z",
      "resolved": "github:NixOS/nixpkgs/ee09932cedcef15aaf476f9343d1dea2cb77e261#k3d",
      "source": "devbox-search",
      "version": "5.8.3",
      "systems": {
        "aarch64-darwin": {
          "outputs": [
            {
              "name": "out",
              "path": "/nix/store/b1qafxaqqljya945220z2w3m5cfqzdfq-k3d-5.8.3",
              "default": true
            }
          ],
          "store_path": "/nix/store/b1qafxaqqljya945220z2w3m5cfqzdfq-k3d-5.8.3"
        },
        "aarch64-linux": {
          "outputs": [
            {
              "name": "out",
              "path": "/nix/store/liykpa9sd520sfr308mpwvsql628kg2y-k3d-5.8.3",
              "default": true
            }
          ],
          "store_path": "/nix/store/liykpa9sd520sfr308mpwvsql628kg2y-k3d-5.8.3"
        },
        "x86_64-darwin": {
          "outputs": [
            {
              "name": "out",
              "path": "/nix/store/q49mqnf86a6n4pw9vwsi00zy81d8c6sm-k3d-5.8.3",
              "default": true
            }
          ],
          "store_path": "/nix/store/q49mqnf86a6n4pw9vwsi00zy81d8c6sm-k3d-5.8.3"
        },
        "x86_64-linux": {
          "outputs": [
            {
              "name": "out",
              "path": "/nix/store/hi4rn8kqr7msicf95yagf501pa90pxzz-k3d-5.8.3",
              "default": true
            }
          ],
          "store_path": "/nix/store/hi4rn8kqr7msicf95yagf501pa90pxzz-k3d-5.8.3"
        }
      }
    },
    "kafkactl@latest": {
      "last_modified": "2025-12-04T22:20:37Z",
      "resolved": "github:NixOS/nixpkgs/bd88d6c13ab85cc842b93d53f68d6d40412e5a18#kafkactl",
      "source": "devbox-search",
      "version": "5.16.0",
      "systems": {
        "aarch64-darwin": {
          "outputs": [
            {
              "name": "out",
              "path": "/nix/store/c66zpjqyp22fr2ih27wha34h40sabydw-kafkactl-5.16.0",
              "default": true
            }
          ],
          "store_path": "/nix/store/c66zpjqyp22fr2ih27wha34h40sabydw-kafkactl-5.16.0"
        },
        "aarch64-linux": {
          "outputs": [
            {
              "name": "out",
              "path": "/nix/store/a8w9whnv4s1wbzz9r9pxxcwkss26svfb-kafkactl-5.16.0",
              "default": true
            }
          ],
          "store_path": "/nix/store/a8w9whnv4s1wbzz9r9pxxcwkss26svfb-kafkactl-5.16.0"
        },
        "x86_64-darwin": {
          "outputs": [
            {
              "name": "out",
              "path": "/nix/store/blz0mhq7ygnrrpvc0j0xmvnamkk5xxgl-kafkactl-5.16.0",
              "default": true
            }
          ],
          "store_path": "/nix/store/blz0mhq7ygnrrpvc0j0xmvnamkk5xxgl-kafkactl-5.16.0"
        },
        "x86_64-linux": {
          "outputs": [
            {
              "name": "out",
              "path": "/nix/store/pc1fgrlw81fi0qv5rw9r3dfgh2cxqbha-kafkactl-5.16.0",
              "default": true
            }
          ],
          "store_path": "/nix/store/pc1fgrlw81fi0qv5rw9r3dfgh2cxqbha-kafkactl-5.16.0"
        }
      }
    },
    "kubectl@latest": {
      "last_modified": "2025-12-16T16:49:59Z",
      "resolved": "github:NixOS/nixpkgs/e8d16d2186d6ed9f047eb30948e97e7e01886d10#kubectl",
      "source": "devbox-search",
      "version": "1.34.3",
      "systems": {
        "aarch64-darwin": {
          "outputs": [
            {
              "name": "out",
              "path": "/nix/store/wh7x3h048nvpnz9iv8m2wff57rcbns4h-kubectl-1.34.3",
              "default": true
            },
            {
              "name": "man",
              "path": "/nix/store/0z1gk04zvcpy5zm43j42p9sxdkx9gsap-kubectl-1.34.3-man",
              "default": true
            },
            {
              "name": "convert",
              "path": "/nix/store/sgjynqwjc1bzd9j90x50l1f4k8av0q7y-kubectl-1.34.3-convert"
            }
          ],
          "store_path": "/nix/store/wh7x3h048nvpnz9iv8m2wff57rcbns4h-kubectl-1.34.3"
        },
        "aarch64-linux": {
          "outputs": [
            {
              "name": "out",
              "path": "/nix/store/sm68c4d3gg7sch2fpa3ilmlxilqm9525-kubectl-1.34.3",
              "default": true
            },
            {
              "name": "man",
              "path": "/nix/store/d1ld1hbv276y9342aq4wa3x1mjfsd0wq-kubectl-1.34.3-man",
              "default": true
            },
            {
              "name": "convert",
              "path": "/nix/store/2s84f8b0y40879v5vxarlg8h5i6whjab-kubectl-1.34.3-convert"
            }
          ],
          "store_path": "/nix/store/sm68c4d3gg7sch2fpa3ilmlxilqm9525-kubectl-1.34.3"
        },
        "x86_64-darwin": {
          "outputs": [
            {
              "name": "out",
              "path": "/nix/store/4rbd3ml1ibkbp41vp23p3712m5ziqcfm-kubectl-1.34.3",
              "default": true
            },
            {
              "name": "man",
              "path": "/nix/store/k83zqin5j3879l38dly5w4nfg536p170-kubectl-1.34.3-man",
              "default": true
            },
            {
              "name": "convert",
              "path": "/nix/store/r9dni0s5zc9hka7zbi36jglqlj3n7bgm-kubectl-1.34.3-convert"
            }
          ],
          "store_path": "/nix/store/4rbd3ml1ibkbp41vp23p3712m5ziqcfm-kubectl-1.34.3"
        },
        "x86_64-linux": {
          "outputs": [
            {
              "name": "out",
              "path": "/nix/store/589b0djk7wn3k3chyzp9a6wi6al95wn1-kubectl-1.34.3",
              "default": true
            },
            {
              "name": "man",
              "path": "/nix/store/sc5pab1b1hd20gpvk5rzj638wkgz0pvz-kubectl-1.34.3-man",
              "default": true
            },
            {
              "name": "convert",
              "path": "/nix/store/4cyp95klz5fvnfsizj2n93mfbhmg7v39-kubectl-1.34.3-convert"
            }
          ],
          "store_path": "/nix/store/589b0djk7wn3k3chyzp9a6wi6al95wn1-kubectl-1.34.3"
        }
      }
    },
    "lunarvim@latest": {
      "last_modified": "2025-12-19T06:18:24Z",
      "resolved": "github:NixOS/nixpkgs/7d853e518814cca2a657b72eeba67ae20ebf7059#lunarvim",
      "source": "devbox-search",
      "version": "1.4.0",
      "systems": {
        "aarch64-darwin": {
          "outputs": [
            {
              "name": "out",
              "path": "/nix/store/iqj7g60xlx3vjypvd8wsdl1wqs60zjwj-lunarvim-1.4.0",
              "default": true
            }
          ],
          "store_path": "/nix/store/iqj7g60xlx3vjypvd8wsdl1wqs60zjwj-lunarvim-1.4.0"
        },
        "aarch64-linux": {
          "outputs": [
            {
              "name": "out",
              "path": "/nix/store/hrbqa1daas633n8fdc7vsb3lxlcyhl89-lunarvim-1.4.0",
              "default": true
            }
          ],
          "store_path": "/nix/store/hrbqa1daas633n8fdc7vsb3lxlcyhl89-lunarvim-1.4.0"
        },
        "x86_64-darwin": {
          "outputs": [
            {
              "name": "out",
              "path": "/nix/store/141m9nwsxb1b9ydna2fd8rz7dd88xmq6-lunarvim-1.4.0",
              "default": true
            }
          ],
          "store_path": "/nix/store/141m9nwsxb1b9ydna2fd8rz7dd88xmq6-lunarvim-1.4.0"
        },
        "x86_64-linux": {
          "outputs": [
            {
              "name": "out",
              "path": "/nix/store/xvz193fxdkj9kcsxhi0bbm01cx97f4p7-lunarvim-1.4.0",
              "default": true
            }
          ],
          "store_path": "/nix/store/xvz193fxdkj9kcsxhi0bbm01cx97f4p7-lunarvim-1.4.0"
        }
      }
    },
    "meld@latest": {
      "last_modified": "2025-11-23T21:50:36Z",
      "resolved": "github:NixOS/nixpkgs/ee09932cedcef15aaf476f9343d1dea2cb77e261#meld",
      "source": "devbox-search",
      "version": "3.23.0",
      "systems": {
        "aarch64-darwin": {
          "outputs": [
            {
              "name": "out",
              "path": "/nix/store/62glhq80hvwnzyc3w2wrxrimlmm9saq6-meld-3.23.0",
              "default": true
            }
          ],
          "store_path": "/nix/store/62glhq80hvwnzyc3w2wrxrimlmm9saq6-meld-3.23.0"
        },
        "aarch64-linux": {
          "outputs": [
            {
              "name": "out",
              "path": "/nix/store/yqwdvbwnr9dfbn4254k6z5qikjcifn3m-meld-3.23.0",
              "default": true
            }
          ],
          "store_path": "/nix/store/yqwdvbwnr9dfbn4254k6z5qikjcifn3m-meld-3.23.0"
        },
        "x86_64-darwin": {
          "outputs": [
            {
              "name": "out",
              "path": "/nix/store/3si36agjf050nv8a90gqqkdhzhdjwjqx-meld-3.23.0",
              "default": true
            }
          ],
          "store_path": "/nix/store/3si36agjf050nv8a90gqqkdhzhdjwjqx-meld-3.23.0"
        },
        "x86_64-linux": {
          "outputs": [
            {
              "name": "out",
              "path": "/nix/store/hyh73i6abvvik6idvdyzmfhi42858lm3-meld-3.23.0",
              "default": true
            }
          ],
          "store_path": "/nix/store/hyh73i6abvvik6idvdyzmfhi42858lm3-meld-3.23.0"
        }
      }
    },
    "neovim@latest": {
      "last_modified": "2025-12-18T02:44:17Z",
      "resolved": "github:NixOS/nixpkgs/def3da69945bbe338c373fddad5a1bb49cf199ce#neovim",
      "source": "devbox-search",
      "version": "0.11.5",
      "systems": {
        "aarch64-darwin": {
          "outputs": [
            {
              "name": "out",
              "path": "/nix/store/8p2cxhz3jwd4w5vqrn2hfvihs61k57wr-neovim-0.11.5",
              "default": true
            }
          ],
          "store_path": "/nix/store/8p2cxhz3jwd4w5vqrn2hfvihs61k57wr-neovim-0.11.5"
        },
        "aarch64-linux": {
          "outputs": [
            {
              "name": "out",
              "path": "/nix/store/0nw654bk4rqra85pyhb5vil04141zvsj-neovim-0.11.5",
              "default": true
            }
          ],
          "store_path": "/nix/store/0nw654bk4rqra85pyhb5vil04141zvsj-neovim-0.11.5"
        },
        "x86_64-darwin": {
          "outputs": [
            {
              "name": "out",
              "path": "/nix/store/amqqdmzzpk6whm5kfjhfc1s6n34grb2q-neovim-0.11.5",
              "default": true
            }
          ],
          "store_path": "/nix/store/amqqdmzzpk6whm5kfjhfc1s6n34grb2q-neovim-0.11.5"
        },
        "x86_64-linux": {
          "outputs": [
            {
              "name": "out",
              "path": "/nix/store/54zkiggy58af9lln6kmv1qbljz6qrh51-neovim-0.11.5",
              "default": true
            }
          ],
          "store_path": "/nix/store/54zkiggy58af9lln6kmv1qbljz6qrh51-neovim-0.11.5"
        }
      }
    },
    "yq@latest": {
      "last_modified": "2025-11-23T21:50:36Z",
      "resolved": "github:NixOS/nixpkgs/ee09932cedcef15aaf476f9343d1dea2cb77e261#yq",
      "source": "devbox-search",
      "version": "3.4.3",
      "systems": {
        "aarch64-darwin": {
          "outputs": [
            {
              "name": "out",
              "path": "/nix/store/344q1isvrn38i2k47x6jdgq1afnppdpi-python3.13-yq-3.4.3",
              "default": true
            },
            {
              "name": "dist",
              "path": "/nix/store/f0y8ivlgbbm7pkk4l5dysaqr1r39lxkn-python3.13-yq-3.4.3-dist"
            }
          ],
          "store_path": "/nix/store/344q1isvrn38i2k47x6jdgq1afnppdpi-python3.13-yq-3.4.3"
        },
        "aarch64-linux": {
          "outputs": [
            {
              "name": "out",
              "path": "/nix/store/gxb75ispzfkqz5larz631ddq3m5jmy0d-python3.13-yq-3.4.3",
              "default": true
            },
            {
              "name": "dist",
              "path": "/nix/store/rqvbwcqcyhq1a94ccwa57hp4wh2zcqz6-python3.13-yq-3.4.3-dist"
            }
          ],
          "store_path": "/nix/store/gxb75ispzfkqz5larz631ddq3m5jmy0d-python3.13-yq-3.4.3"
        },
        "x86_64-darwin": {
          "outputs": [
            {
              "name": "out",
              "path": "/nix/store/3al3yv0k7zvv41nsrrykgdjv4l2wn39x-python3.13-yq-3.4.3",
              "default": true
            },
            {
              "name": "dist",
              "path": "/nix/store/g5g4f44vjqngbp7n8967v29fcf722wa6-python3.13-yq-3.4.3-dist"
            }
          ],
          "store_path": "/nix/store/3al3yv0k7zvv41nsrrykgdjv4l2wn39x-python3.13-yq-3.4.3"
        },
        "x86_64-linux": {
          "outputs": [
            {
              "name": "out",
              "path": "/nix/store/jk0qzin2yinxmfxzj03mq8pfbcgwiwrd-python3.13-yq-3.4.3",
              "default": true
            },
            {
              "name": "dist",
              "path": "/nix/store/b15i9b99zfhk0fzx592sgrzq2gml7ysn-python3.13-yq-3.4.3-dist"
            }
          ],
          "store_path": "/nix/store/jk0qzin2yinxmfxzj03mq8pfbcgwiwrd-python3.13-yq-3.4.3"
        }
      }
    }
  }
}
