{
  "lockfile_version": "1",
  "packages": {
    "coursier@latest": {
      "last_modified": "2025-11-23T21:50:36Z",
      "resolved": "github:NixOS/nixpkgs/ee09932cedcef15aaf476f9343d1dea2cb77e261#coursier",
      "source": "devbox-search",
      "version": "2.1.24",
      "systems": {
        "aarch64-darwin": {
          "outputs": [
            {
              "name": "out",
              "path": "/nix/store/yp77wig7na6hk4p9hd0h19sxh2mrm4fv-coursier-2.1.24",
              "default": true
            }
          ],
          "store_path": "/nix/store/yp77wig7na6hk4p9hd0h19sxh2mrm4fv-coursier-2.1.24"
        },
        "aarch64-linux": {
          "outputs": [
            {
              "name": "out",
              "path": "/nix/store/52akynlr322s9lpkv2cblvxn7qn8p11f-coursier-2.1.24",
              "default": true
            }
          ],
          "store_path": "/nix/store/52akynlr322s9lpkv2cblvxn7qn8p11f-coursier-2.1.24"
        },
        "x86_64-darwin": {
          "outputs": [
            {
              "name": "out",
              "path": "/nix/store/ajcdl62a7xdfn5434bzz44qqk6hgsv06-coursier-2.1.24",
              "default": true
            }
          ],
          "store_path": "/nix/store/ajcdl62a7xdfn5434bzz44qqk6hgsv06-coursier-2.1.24"
        },
        "x86_64-linux": {
          "outputs": [
            {
              "name": "out",
              "path": "/nix/store/pdi09kvdxxv1z4palah8kz0p3axsqrpr-coursier-2.1.24",
              "default": true
            }
          ],
          "store_path": "/nix/store/pdi09kvdxxv1z4palah8kz0p3axsqrpr-coursier-2.1.24"
        }
      }
    },
    "github:NixOS/nixpkgs/nixpkgs-unstable": {
      "last_modified": "2025-12-23T06:39:02Z",
      "resolved": "github:NixOS/nixpkgs/cfc52a405c6e85462364651a8f11e28ae8065c91?lastModified=1766471942&narHash=sha256-Wv%2BxrUNXgtxAXAMZE3EDzzeRgN1MEw%2BPnKr8zDozeLU%3D"
    },
    "jdk@17.0.12": {
      "last_modified": "2025-10-22T20:59:19Z",
      "resolved": "github:NixOS/nixpkgs/01b6809f7f9d1183a2b3e081f0a1e6f8f415cb09#jdk17",
      "source": "devbox-search",
      "version": "17.0.12",
      "systems": {
        "aarch64-darwin": {
          "outputs": [
            {
              "name": "out",
              "path": "/nix/store/hlm8a8cnp4hm8xkg0a2yy4kv7cq44jii-zulu-ca-jdk-17.0.12",
              "default": true
            }
          ],
          "store_path": "/nix/store/hlm8a8cnp4hm8xkg0a2yy4kv7cq44jii-zulu-ca-jdk-17.0.12"
        },
        "x86_64-darwin": {
          "outputs": [
            {
              "name": "out",
              "path": "/nix/store/i4zgq9685y6284hbf5a7ac9ysb88dvlz-zulu-ca-jdk-17.0.12",
              "default": true
            }
          ],
          "store_path": "/nix/store/i4zgq9685y6284hbf5a7ac9ysb88dvlz-zulu-ca-jdk-17.0.12"
        },
        "x86_64-linux": {
          "outputs": [
            {
              "path": "/nix/store/w7s5fm9zkdpbc6j3ns5zkr41gaj7y9xa-openjdk-17.0.17+8",
              "default": true
            }
          ]
        }
      }
    },
    "k3d@latest": {
      "last_modified": "2025-11-23T21:50:36Z",
      "resolved": "github:NixOS/nixpkgs/ee09932cedcef15aaf476f9343d1dea2cb77e261#k3d",
      "source": "devbox-search",
      "version": "5.8.3",
      "systems": {
        "aarch64-darwin": {
          "outputs": [
            {
              "name": "out",
              "path": "/nix/store/b1qafxaqqljya945220z2w3m5cfqzdfq-k3d-5.8.3",
              "default": true
            }
          ],
          "store_path": "/nix/store/b1qafxaqqljya945220z2w3m5cfqzdfq-k3d-5.8.3"
        },
        "aarch64-linux": {
          "outputs": [
            {
              "name": "out",
              "path": "/nix/store/liykpa9sd520sfr308mpwvsql628kg2y-k3d-5.8.3",
              "default": true
            }
          ],
          "store_path": "/nix/store/liykpa9sd520sfr308mpwvsql628kg2y-k3d-5.8.3"
        },
        "x86_64-darwin": {
          "outputs": [
            {
              "name": "out",
              "path": "/nix/store/q49mqnf86a6n4pw9vwsi00zy81d8c6sm-k3d-5.8.3",
              "default": true
            }
          ],
          "store_path": "/nix/store/q49mqnf86a6n4pw9vwsi00zy81d8c6sm-k3d-5.8.3"
        },
        "x86_64-linux": {
          "outputs": [
            {
              "name": "out",
              "path": "/nix/store/hi4rn8kqr7msicf95yagf501pa90pxzz-k3d-5.8.3",
              "default": true
            }
          ],
          "store_path": "/nix/store/hi4rn8kqr7msicf95yagf501pa90pxzz-k3d-5.8.3"
        }
      }
    },
    "kafkactl@latest": {
      "last_modified": "2025-12-04T22:20:37Z",
      "resolved": "github:NixOS/nixpkgs/bd88d6c13ab85cc842b93d53f68d6d40412e5a18#kafkactl",
      "source": "devbox-search",
      "version": "5.16.0",
      "systems": {
        "aarch64-darwin": {
          "outputs": [
            {
              "name": "out",
              "path": "/nix/store/c66zpjqyp22fr2ih27wha34h40sabydw-kafkactl-5.16.0",
              "default": true
            }
          ],
          "store_path": "/nix/store/c66zpjqyp22fr2ih27wha34h40sabydw-kafkactl-5.16.0"
        },
        "aarch64-linux": {
          "outputs": [
            {
              "name": "out",
              "path": "/nix/store/a8w9whnv4s1wbzz9r9pxxcwkss26svfb-kafkactl-5.16.0",
              "default": true
            }
          ],
          "store_path": "/nix/store/a8w9whnv4s1wbzz9r9pxxcwkss26svfb-kafkactl-5.16.0"
        },
        "x86_64-darwin": {
          "outputs": [
            {
              "name": "out",
              "path": "/nix/store/blz0mhq7ygnrrpvc0j0xmvnamkk5xxgl-kafkactl-5.16.0",
              "default": true
            }
          ],
          "store_path": "/nix/store/blz0mhq7ygnrrpvc0j0xmvnamkk5xxgl-kafkactl-5.16.0"
        },
        "x86_64-linux": {
          "outputs": [
            {
              "name": "out",
              "path": "/nix/store/pc1fgrlw81fi0qv5rw9r3dfgh2cxqbha-kafkactl-5.16.0",
              "default": true
            }
          ],
          "store_path": "/nix/store/pc1fgrlw81fi0qv5rw9r3dfgh2cxqbha-kafkactl-5.16.0"
        }
      }
    },
    "kubectl@latest": {
      "last_modified": "2025-12-16T16:49:59Z",
      "resolved": "github:NixOS/nixpkgs/e8d16d2186d6ed9f047eb30948e97e7e01886d10#kubectl",
      "source": "devbox-search",
      "version": "1.34.3",
      "systems": {
        "aarch64-darwin": {
          "outputs": [
            {
              "name": "out",
              "path": "/nix/store/wh7x3h048nvpnz9iv8m2wff57rcbns4h-kubectl-1.34.3",
              "default": true
            },
            {
              "name": "man",
              "path": "/nix/store/0z1gk04zvcpy5zm43j42p9sxdkx9gsap-kubectl-1.34.3-man",
              "default": true
            },
            {
              "name": "convert",
              "path": "/nix/store/sgjynqwjc1bzd9j90x50l1f4k8av0q7y-kubectl-1.34.3-convert"
            }
          ],
          "store_path": "/nix/store/wh7x3h048nvpnz9iv8m2wff57rcbns4h-kubectl-1.34.3"
        },
        "aarch64-linux": {
          "outputs": [
            {
              "name": "out",
              "path": "/nix/store/sm68c4d3gg7sch2fpa3ilmlxilqm9525-kubectl-1.34.3",
              "default": true
            },
            {
              "name": "man",
              "path": "/nix/store/d1ld1hbv276y9342aq4wa3x1mjfsd0wq-kubectl-1.34.3-man",
              "default": true
            },
            {
              "name": "convert",
              "path": "/nix/store/2s84f8b0y40879v5vxarlg8h5i6whjab-kubectl-1.34.3-convert"
            }
          ],
          "store_path": "/nix/store/sm68c4d3gg7sch2fpa3ilmlxilqm9525-kubectl-1.34.3"
        },
        "x86_64-darwin": {
          "outputs": [
            {
              "name": "out",
              "path": "/nix/store/4rbd3ml1ibkbp41vp23p3712m5ziqcfm-kubectl-1.34.3",
              "default": true
            },
            {
              "name": "man",
              "path": "/nix/store/k83zqin5j3879l38dly5w4nfg536p170-kubectl-1.34.3-man",
              "default": true
            },
            {
              "name": "convert",
              "path": "/nix/store/r9dni0s5zc9hka7zbi36jglqlj3n7bgm-kubectl-1.34.3-convert"
            }
          ],
          "store_path": "/nix/store/4rbd3ml1ibkbp41vp23p3712m5ziqcfm-kubectl-1.34.3"
        },
        "x86_64-linux": {
          "outputs": [
            {
              "name": "out",
              "path": "/nix/store/589b0djk7wn3k3chyzp9a6wi6al95wn1-kubectl-1.34.3",
              "default": true
            },
            {
              "name": "man",
              "path": "/nix/store/sc5pab1b1hd20gpvk5rzj638wkgz0pvz-kubectl-1.34.3-man",
              "default": true
            },
            {
              "name": "convert",
              "path": "/nix/store/4cyp95klz5fvnfsizj2n93mfbhmg7v39-kubectl-1.34.3-convert"
            }
          ],
          "store_path": "/nix/store/589b0djk7wn3k3chyzp9a6wi6al95wn1-kubectl-1.34.3"
        }
      }
    },
    "lunarvim@latest": {
      "last_modified": "2025-12-19T06:18:24Z",
      "resolved": "github:NixOS/nixpkgs/7d853e518814cca2a657b72eeba67ae20ebf7059#lunarvim",
      "source": "devbox-search",
      "version": "1.4.0",
      "systems": {
        "aarch64-darwin": {
          "outputs": [
            {
              "name": "out",
              "path": "/nix/store/iqj7g60xlx3vjypvd8wsdl1wqs60zjwj-lunarvim-1.4.0",
              "default": true
            }
          ],
          "store_path": "/nix/store/iqj7g60xlx3vjypvd8wsdl1wqs60zjwj-lunarvim-1.4.0"
        },
        "aarch64-linux": {
          "outputs": [
            {
              "name": "out",
              "path": "/nix/store/hrbqa1daas633n8fdc7vsb3lxlcyhl89-lunarvim-1.4.0",
              "default": true
            }
          ],
          "store_path": "/nix/store/hrbqa1daas633n8fdc7vsb3lxlcyhl89-lunarvim-1.4.0"
        },
        "x86_64-darwin": {
          "outputs": [
            {
              "name": "out",
              "path": "/nix/store/141m9nwsxb1b9ydna2fd8rz7dd88xmq6-lunarvim-1.4.0",
              "default": true
            }
          ],
          "store_path": "/nix/store/141m9nwsxb1b9ydna2fd8rz7dd88xmq6-lunarvim-1.4.0"
        },
        "x86_64-linux": {
          "outputs": [
            {
              "name": "out",
              "path": "/nix/store/xvz193fxdkj9kcsxhi0bbm01cx97f4p7-lunarvim-1.4.0",
              "default": true
            }
          ],
          "store_path": "/nix/store/xvz193fxdkj9kcsxhi0bbm01cx97f4p7-lunarvim-1.4.0"
        }
      }
    },
    "neovim@latest": {
      "last_modified": "2025-12-18T02:44:17Z",
      "resolved": "github:NixOS/nixpkgs/def3da69945bbe338c373fddad5a1bb49cf199ce#neovim",
      "source": "devbox-search",
      "version": "0.11.5",
      "systems": {
        "aarch64-darwin": {
          "outputs": [
            {
              "name": "out",
              "path": "/nix/store/8p2cxhz3jwd4w5vqrn2hfvihs61k57wr-neovim-0.11.5",
              "default": true
            }
          ],
          "store_path": "/nix/store/8p2cxhz3jwd4w5vqrn2hfvihs61k57wr-neovim-0.11.5"
        },
        "aarch64-linux": {
          "outputs": [
            {
              "name": "out",
              "path": "/nix/store/0nw654bk4rqra85pyhb5vil04141zvsj-neovim-0.11.5",
              "default": true
            }
          ],
          "store_path": "/nix/store/0nw654bk4rqra85pyhb5vil04141zvsj-neovim-0.11.5"
        },
        "x86_64-darwin": {
          "outputs": [
            {
              "name": "out",
              "path": "/nix/store/amqqdmzzpk6whm5kfjhfc1s6n34grb2q-neovim-0.11.5",
              "default": true
            }
          ],
          "store_path": "/nix/store/amqqdmzzpk6whm5kfjhfc1s6n34grb2q-neovim-0.11.5"
        },
        "x86_64-linux": {
          "outputs": [
            {
              "name": "out",
              "path": "/nix/store/54zkiggy58af9lln6kmv1qbljz6qrh51-neovim-0.11.5",
              "default": true
            }
          ],
          "store_path": "/nix/store/54zkiggy58af9lln6kmv1qbljz6qrh51-neovim-0.11.5"
        }
      }
    },
    "sbt@latest": {
      "last_modified": "2025-11-23T21:50:36Z",
      "resolved": "github:NixOS/nixpkgs/ee09932cedcef15aaf476f9343d1dea2cb77e261#sbt",
      "source": "devbox-search",
      "version": "1.11.7",
      "systems": {
        "aarch64-darwin": {
          "outputs": [
            {
              "name": "out",
              "path": "/nix/store/vgdfjvjjza6r06k4j3g31z4rjsildfq3-sbt-1.11.7",
              "default": true
            }
          ],
          "store_path": "/nix/store/vgdfjvjjza6r06k4j3g31z4rjsildfq3-sbt-1.11.7"
        },
        "aarch64-linux": {
          "outputs": [
            {
              "name": "out",
              "path": "/nix/store/w6r7pw336zkn1npv3r3qvhwzhwf5an3c-sbt-1.11.7",
              "default": true
            }
          ],
          "store_path": "/nix/store/w6r7pw336zkn1npv3r3qvhwzhwf5an3c-sbt-1.11.7"
        },
        "x86_64-darwin": {
          "outputs": [
            {
              "name": "out",
              "path": "/nix/store/z0p9hkvmp3fazj08w79fjx8n8w2p2icx-sbt-1.11.7",
              "default": true
            }
          ],
          "store_path": "/nix/store/z0p9hkvmp3fazj08w79fjx8n8w2p2icx-sbt-1.11.7"
        },
        "x86_64-linux": {
          "outputs": [
            {
              "name": "out",
              "path": "/nix/store/31mi3r7imgrv0fkg3bz05l0iz9zagxkv-sbt-1.11.7",
              "default": true
            }
          ],
          "store_path": "/nix/store/31mi3r7imgrv0fkg3bz05l0iz9zagxkv-sbt-1.11.7"
        }
      }
    },
    "scala@latest": {
      "last_modified": "2025-11-23T21:50:36Z",
      "resolved": "github:NixOS/nixpkgs/ee09932cedcef15aaf476f9343d1dea2cb77e261#scala",
      "source": "devbox-search",
      "version": "3.3.6",
      "systems": {
        "aarch64-darwin": {
          "outputs": [
            {
              "name": "out",
              "path": "/nix/store/cg9vni2qxa1s817g2zpa8xqc7ijjcy48-scala-3.3.6",
              "default": true
            }
          ],
          "store_path": "/nix/store/cg9vni2qxa1s817g2zpa8xqc7ijjcy48-scala-3.3.6"
        },
        "aarch64-linux": {
          "outputs": [
            {
              "name": "out",
              "path": "/nix/store/3j9x40r2534y2f61a732qnb5cd7n4b39-scala-3.3.6",
              "default": true
            }
          ],
          "store_path": "/nix/store/3j9x40r2534y2f61a732qnb5cd7n4b39-scala-3.3.6"
        },
        "x86_64-darwin": {
          "outputs": [
            {
              "name": "out",
              "path": "/nix/store/ifdlm17c29q2cvvx27r9ndli4i9fj4pa-scala-3.3.6",
              "default": true
            }
          ],
          "store_path": "/nix/store/ifdlm17c29q2cvvx27r9ndli4i9fj4pa-scala-3.3.6"
        },
        "x86_64-linux": {
          "outputs": [
            {
              "name": "out",
              "path": "/nix/store/had4syw2pzzpxkhhd3g1zx49prwax52z-scala-3.3.6",
              "default": true
            }
          ],
          "store_path": "/nix/store/had4syw2pzzpxkhhd3g1zx49prwax52z-scala-3.3.6"
        }
      }
    }
  }
}
